
Microsoft Visual Studio Solution File, Format Version 12.00
# Visual Studio Version 17
VisualStudioVersion = 17.10.35122.118
MinimumVisualStudioVersion = 10.0.40219.1
Project("{FAE04EC0-301F-11D3-BF4B-00C04F79EFBC}") = "Producer", "Producer\Producer.csproj", "{1E864EAC-3CC2-4D69-8678-47A3E45626A9}"
EndProject
Project("{FAE04EC0-301F-11D3-BF4B-00C04F79EFBC}") = "Consumer", "Consumer\Consumer.csproj", "{A40B582C-16A3-4C27-A2C6-B6AEC738F2D8}"
EndProject
Project("{2150E333-8FDC-42A3-9474-1A3956D46DE8}") = "HelloworldDemo", "HelloworldDemo", "{35EEC157-8453-4AD3-BBBA-A69410EF0DDD}"
EndProject
Project("{2150E333-8FDC-42A3-9474-1A3956D46DE8}") = "MicroRabbit", "MicroRabbit", "{C811C4A4-9666-467F-BEB0-87A09AFE281E}"
EndProject
Project("{2150E333-8FDC-42A3-9474-1A3956D46DE8}") = "Domain", "Domain", "{1398177A-41AD-4772-86F2-BB6ED1BBFA57}"
EndProject
Project("{2150E333-8FDC-42A3-9474-1A3956D46DE8}") = "Infra.Bus", "Infra.Bus", "{CA35E3C6-C01F-403C-9C86-866A278E17EC}"
EndProject
Project("{2150E333-8FDC-42A3-9474-1A3956D46DE8}") = "Infra.IoC", "Infra.IoC", "{9FF87848-7A17-4F5C-B7FC-719B5C2A7054}"
EndProject
Project("{2150E333-8FDC-42A3-9474-1A3956D46DE8}") = "Microservices", "Microservices", "{6A55C4C0-3575-4C04-90A3-E9BB531E89FF}"
EndProject
Project("{2150E333-8FDC-42A3-9474-1A3956D46DE8}") = "Presentation", "Presentation", "{9305822C-F429-4A3A-B3FA-E6982937A9B7}"
EndProject
Project("{FAE04EC0-301F-11D3-BF4B-00C04F79EFBC}") = "MicroRabbit.Domain.Core", "MicroRabbit.Domain.Core\MicroRabbit.Domain.Core.csproj", "{4A68F8D9-261F-4034-9122-77F4CF2A97B7}"
EndProject
Project("{FAE04EC0-301F-11D3-BF4B-00C04F79EFBC}") = "MicroRabbit.Infra.Bus", "MicroRabbit.Infra.Bus\MicroRabbit.Infra.Bus.csproj", "{FB9AAD33-B937-40F1-A6D3-8E9108552B3B}"
EndProject
Project("{FAE04EC0-301F-11D3-BF4B-00C04F79EFBC}") = "MicroRabbit.Infra.IoC", "MicroRabbit.Infra.IoC\MicroRabbit.Infra.IoC.csproj", "{F0276B85-54AE-4AE8-8D89-5573E923850D}"
EndProject
Project("{2150E333-8FDC-42A3-9474-1A3956D46DE8}") = "Banking", "Banking", "{542028A7-F31C-4278-9033-8E290AEEF35D}"
EndProject
Project("{2150E333-8FDC-42A3-9474-1A3956D46DE8}") = "API", "API", "{577E07D7-A339-4549-8992-27FF076EF5F6}"
EndProject
Project("{2150E333-8FDC-42A3-9474-1A3956D46DE8}") = "Domain", "Domain", "{D053724D-60BF-4092-BE55-0AF03A23B378}"
EndProject
Project("{2150E333-8FDC-42A3-9474-1A3956D46DE8}") = "Application", "Application", "{B310CDE1-8EBE-4A87-BBD8-1B03938A2880}"
EndProject
Project("{2150E333-8FDC-42A3-9474-1A3956D46DE8}") = "Data", "Data", "{FA00936F-685D-49B4-BCA9-BEB5D691255A}"
EndProject
Project("{FAE04EC0-301F-11D3-BF4B-00C04F79EFBC}") = "MicroRabbit.Banking.Api", "MicroRabbit.Banking.Api\MicroRabbit.Banking.Api.csproj", "{CEDDD83B-6EC1-4629-96BB-7742CF73DF95}"
EndProject
Project("{FAE04EC0-301F-11D3-BF4B-00C04F79EFBC}") = "MicroRabbit.Banking.Application", "MicroRabbit.Banking.Application\MicroRabbit.Banking.Application.csproj", "{C945E06D-5D5E-4335-90B0-8A9C61609DE2}"
EndProject
Project("{FAE04EC0-301F-11D3-BF4B-00C04F79EFBC}") = "MicroRabbit.Banking.Data", "MicroRabbit.Banking.Data\MicroRabbit.Banking.Data.csproj", "{3A0A7741-2119-45A4-A55A-0666B851B39B}"
EndProject
Project("{FAE04EC0-301F-11D3-BF4B-00C04F79EFBC}") = "MicroRabbit.Banking.Domain", "MicroRabbit.Banking.Domain\MicroRabbit.Banking.Domain.csproj", "{B6655123-3891-4DFE-8262-23C0F81F1997}"
EndProject
Global
	GlobalSection(SolutionConfigurationPlatforms) = preSolution
		Debug|Any CPU = Debug|Any CPU
		Release|Any CPU = Release|Any CPU
	EndGlobalSection
	GlobalSection(ProjectConfigurationPlatforms) = postSolution
		{1E864EAC-3CC2-4D69-8678-47A3E45626A9}.Debug|Any CPU.ActiveCfg = Debug|Any CPU
		{1E864EAC-3CC2-4D69-8678-47A3E45626A9}.Debug|Any CPU.Build.0 = Debug|Any CPU
		{1E864EAC-3CC2-4D69-8678-47A3E45626A9}.Release|Any CPU.ActiveCfg = Release|Any CPU
		{1E864EAC-3CC2-4D69-8678-47A3E45626A9}.Release|Any CPU.Build.0 = Release|Any CPU
		{A40B582C-16A3-4C27-A2C6-B6AEC738F2D8}.Debug|Any CPU.ActiveCfg = Debug|Any CPU
		{A40B582C-16A3-4C27-A2C6-B6AEC738F2D8}.Debug|Any CPU.Build.0 = Debug|Any CPU
		{A40B582C-16A3-4C27-A2C6-B6AEC738F2D8}.Release|Any CPU.ActiveCfg = Release|Any CPU
		{A40B582C-16A3-4C27-A2C6-B6AEC738F2D8}.Release|Any CPU.Build.0 = Release|Any CPU
		{4A68F8D9-261F-4034-9122-77F4CF2A97B7}.Debug|Any CPU.ActiveCfg = Debug|Any CPU
		{4A68F8D9-261F-4034-9122-77F4CF2A97B7}.Debug|Any CPU.Build.0 = Debug|Any CPU
		{4A68F8D9-261F-4034-9122-77F4CF2A97B7}.Release|Any CPU.ActiveCfg = Release|Any CPU
		{4A68F8D9-261F-4034-9122-77F4CF2A97B7}.Release|Any CPU.Build.0 = Release|Any CPU
		{FB9AAD33-B937-40F1-A6D3-8E9108552B3B}.Debug|Any CPU.ActiveCfg = Debug|Any CPU
		{FB9AAD33-B937-40F1-A6D3-8E9108552B3B}.Debug|Any CPU.Build.0 = Debug|Any CPU
		{FB9AAD33-B937-40F1-A6D3-8E9108552B3B}.Release|Any CPU.ActiveCfg = Release|Any CPU
		{FB9AAD33-B937-40F1-A6D3-8E9108552B3B}.Release|Any CPU.Build.0 = Release|Any CPU
		{F0276B85-54AE-4AE8-8D89-5573E923850D}.Debug|Any CPU.ActiveCfg = Debug|Any CPU
		{F0276B85-54AE-4AE8-8D89-5573E923850D}.Debug|Any CPU.Build.0 = Debug|Any CPU
		{F0276B85-54AE-4AE8-8D89-5573E923850D}.Release|Any CPU.ActiveCfg = Release|Any CPU
		{F0276B85-54AE-4AE8-8D89-5573E923850D}.Release|Any CPU.Build.0 = Release|Any CPU
		{CEDDD83B-6EC1-4629-96BB-7742CF73DF95}.Debug|Any CPU.ActiveCfg = Debug|Any CPU
		{CEDDD83B-6EC1-4629-96BB-7742CF73DF95}.Debug|Any CPU.Build.0 = Debug|Any CPU
		{CEDDD83B-6EC1-4629-96BB-7742CF73DF95}.Release|Any CPU.ActiveCfg = Release|Any CPU
		{CEDDD83B-6EC1-4629-96BB-7742CF73DF95}.Release|Any CPU.Build.0 = Release|Any CPU
		{C945E06D-5D5E-4335-90B0-8A9C61609DE2}.Debug|Any CPU.ActiveCfg = Debug|Any CPU
		{C945E06D-5D5E-4335-90B0-8A9C61609DE2}.Debug|Any CPU.Build.0 = Debug|Any CPU
		{C945E06D-5D5E-4335-90B0-8A9C61609DE2}.Release|Any CPU.ActiveCfg = Release|Any CPU
		{C945E06D-5D5E-4335-90B0-8A9C61609DE2}.Release|Any CPU.Build.0 = Release|Any CPU
		{3A0A7741-2119-45A4-A55A-0666B851B39B}.Debug|Any CPU.ActiveCfg = Debug|Any CPU
		{3A0A7741-2119-45A4-A55A-0666B851B39B}.Debug|Any CPU.Build.0 = Debug|Any CPU
		{3A0A7741-2119-45A4-A55A-0666B851B39B}.Release|Any CPU.ActiveCfg = Release|Any CPU
		{3A0A7741-2119-45A4-A55A-0666B851B39B}.Release|Any CPU.Build.0 = Release|Any CPU
		{B6655123-3891-4DFE-8262-23C0F81F1997}.Debug|Any CPU.ActiveCfg = Debug|Any CPU
		{B6655123-3891-4DFE-8262-23C0F81F1997}.Debug|Any CPU.Build.0 = Debug|Any CPU
		{B6655123-3891-4DFE-8262-23C0F81F1997}.Release|Any CPU.ActiveCfg = Release|Any CPU
		{B6655123-3891-4DFE-8262-23C0F81F1997}.Release|Any CPU.Build.0 = Release|Any CPU
	EndGlobalSection
	GlobalSection(SolutionProperties) = preSolution
		HideSolutionNode = FALSE
	EndGlobalSection
	GlobalSection(NestedProjects) = preSolution
		{1E864EAC-3CC2-4D69-8678-47A3E45626A9} = {35EEC157-8453-4AD3-BBBA-A69410EF0DDD}
		{A40B582C-16A3-4C27-A2C6-B6AEC738F2D8} = {35EEC157-8453-4AD3-BBBA-A69410EF0DDD}
		{1398177A-41AD-4772-86F2-BB6ED1BBFA57} = {C811C4A4-9666-467F-BEB0-87A09AFE281E}
		{CA35E3C6-C01F-403C-9C86-866A278E17EC} = {C811C4A4-9666-467F-BEB0-87A09AFE281E}
		{9FF87848-7A17-4F5C-B7FC-719B5C2A7054} = {C811C4A4-9666-467F-BEB0-87A09AFE281E}
		{6A55C4C0-3575-4C04-90A3-E9BB531E89FF} = {C811C4A4-9666-467F-BEB0-87A09AFE281E}
		{9305822C-F429-4A3A-B3FA-E6982937A9B7} = {C811C4A4-9666-467F-BEB0-87A09AFE281E}
		{4A68F8D9-261F-4034-9122-77F4CF2A97B7} = {1398177A-41AD-4772-86F2-BB6ED1BBFA57}
		{FB9AAD33-B937-40F1-A6D3-8E9108552B3B} = {CA35E3C6-C01F-403C-9C86-866A278E17EC}
		{F0276B85-54AE-4AE8-8D89-5573E923850D} = {9FF87848-7A17-4F5C-B7FC-719B5C2A7054}
		{542028A7-F31C-4278-9033-8E290AEEF35D} = {6A55C4C0-3575-4C04-90A3-E9BB531E89FF}
		{577E07D7-A339-4549-8992-27FF076EF5F6} = {542028A7-F31C-4278-9033-8E290AEEF35D}
		{D053724D-60BF-4092-BE55-0AF03A23B378} = {542028A7-F31C-4278-9033-8E290AEEF35D}
		{B310CDE1-8EBE-4A87-BBD8-1B03938A2880} = {542028A7-F31C-4278-9033-8E290AEEF35D}
		{FA00936F-685D-49B4-BCA9-BEB5D691255A} = {542028A7-F31C-4278-9033-8E290AEEF35D}
		{CEDDD83B-6EC1-4629-96BB-7742CF73DF95} = {577E07D7-A339-4549-8992-27FF076EF5F6}
		{C945E06D-5D5E-4335-90B0-8A9C61609DE2} = {B310CDE1-8EBE-4A87-BBD8-1B03938A2880}
		{3A0A7741-2119-45A4-A55A-0666B851B39B} = {FA00936F-685D-49B4-BCA9-BEB5D691255A}
		{B6655123-3891-4DFE-8262-23C0F81F1997} = {D053724D-60BF-4092-BE55-0AF03A23B378}
	EndGlobalSection
	GlobalSection(ExtensibilityGlobals) = postSolution
		SolutionGuid = {73E05125-7EE0-49E0-BB4C-9148B8877800}
	EndGlobalSection
EndGlobal
